
Microsoft Visual Studio Solution File, Format Version 11.00
# Visual C++ Express 2010
Project("{8BC9CEB8-8B4A-11D0-8D11-00A0C91BC942}") = "KT", "KT\KT.vcxproj", "{A748B56D-8F3E-496B-85D9-8218DC359380}"
EndProject
Global
	GlobalSection(SolutionConfigurationPlatforms) = preSolution
		Debug|Win32 = Debug|Win32
		Release|Win32 = Release|Win32
	EndGlobalSection
	GlobalSection(ProjectConfigurationPlatforms) = postSolution
		{A748B56D-8F3E-496B-85D9-8218DC359380}.Debug|Win32.ActiveCfg = Debug|Win32
		{A748B56D-8F3E-496B-85D9-8218DC359380}.Debug|Win32.Build.0 = Debug|Win32
		{A748B56D-8F3E-496B-85D9-8218DC359380}.Release|Win32.ActiveCfg = Release|Win32
		{A748B56D-8F3E-496B-85D9-8218DC359380}.Release|Win32.Build.0 = Release|Win32
	EndGlobalSection
	GlobalSection(SolutionProperties) = preSolution
		HideSolutionNode = FALSE
	EndGlobalSection
EndGlobal
